// !$*UTF8*$!
{
	archiveVersion = 1;
	classes = {
	};
	objectVersion = 77;
	objects = {

/* Begin PBXContainerItemProxy section */
		1EA3AE9F2D5AAB7A00DD1E26 /* PBXContainerItemProxy */ = {
			isa = PBXContainerItemProxy;
			containerPortal = 1EA3AE862D5AAB7800DD1E26 /* Project object */;
			proxyType = 1;
			remoteGlobalIDString = 1EA3AE8D2D5AAB7800DD1E26;
			remoteInfo = fetchRecipes;
		};
		1EA3AEA92D5AAB7A00DD1E26 /* PBXContainerItemProxy */ = {
			isa = PBXContainerItemProxy;
			containerPortal = 1EA3AE862D5AAB7800DD1E26 /* Project object */;
			proxyType = 1;
			remoteGlobalIDString = 1EA3AE8D2D5AAB7800DD1E26;
			remoteInfo = fetchRecipes;
		};
/* End PBXContainerItemProxy section */

/* Begin PBXFileReference section */
		1EA3AE8E2D5AAB7800DD1E26 /* fetchRecipes.app */ = {isa = PBXFileReference; explicitFileType = wrapper.application; includeInIndex = 0; path = fetchRecipes.app; sourceTree = BUILT_PRODUCTS_DIR; };
		1EA3AE9E2D5AAB7A00DD1E26 /* fetchRecipesTests.xctest */ = {isa = PBXFileReference; explicitFileType = wrapper.cfbundle; includeInIndex = 0; path = fetchRecipesTests.xctest; sourceTree = BUILT_PRODUCTS_DIR; };
		1EA3AEA82D5AAB7A00DD1E26 /* fetchRecipesUITests.xctest */ = {isa = PBXFileReference; explicitFileType = wrapper.cfbundle; includeInIndex = 0; path = fetchRecipesUITests.xctest; sourceTree = BUILT_PRODUCTS_DIR; };
/* End PBXFileReference section */

/* Begin PBXFileSystemSynchronizedRootGroup section */
		1EA3AE902D5AAB7800DD1E26 /* fetchRecipes */ = {
			isa = PBXFileSystemSynchronizedRootGroup;
			path = fetchRecipes;
			sourceTree = "<group>";
		};
		1EA3AEA12D5AAB7A00DD1E26 /* fetchRecipesTests */ = {
			isa = PBXFileSystemSynchronizedRootGroup;
			path = fetchRecipesTests;
			sourceTree = "<group>";
		};
		1EA3AEAB2D5AAB7A00DD1E26 /* fetchRecipesUITests */ = {
			isa = PBXFileSystemSynchronizedRootGroup;
			path = fetchRecipesUITests;
			sourceTree = "<group>";
		};
/* End PBXFileSystemSynchronizedRootGroup section */

/* Begin PBXFrameworksBuildPhase section */
		1EA3AE8B2D5AAB7800DD1E26 /* Frameworks */ = {
			isa = PBXFrameworksBuildPhase;
			buildActionMask = 2147483647;
			files = (
			);
			runOnlyForDeploymentPostprocessing = 0;
		};
		1EA3AE9B2D5AAB7A00DD1E26 /* Frameworks */ = {
			isa = PBXFrameworksBuildPhase;
			buildActionMask = 2147483647;
			files = (
			);
			runOnlyForDeploymentPostprocessing = 0;
		};
		1EA3AEA52D5AAB7A00DD1E26 /* Frameworks */ = {
			isa = PBXFrameworksBuildPhase;
			buildActionMask = 2147483647;
			files = (
			);
			runOnlyForDeploymentPostprocessing = 0;
		};
/* End PBXFrameworksBuildPhase section */

/* Begin PBXGroup section */
		1EA3AE852D5AAB7800DD1E26 = {
			isa = PBXGroup;
			children = (
				1EA3AE902D5AAB7800DD1E26 /* fetchRecipes */,
				1EA3AEA12D5AAB7A00DD1E26 /* fetchRecipesTests */,
				1EA3AEAB2D5AAB7A00DD1E26 /* fetchRecipesUITests */,
				1EA3AE8F2D5AAB7800DD1E26 /* Products */,
			);
			sourceTree = "<group>";
		};
		1EA3AE8F2D5AAB7800DD1E26 /* Products */ = {
			isa = PBXGroup;
			children = (
				1EA3AE8E2D5AAB7800DD1E26 /* fetchRecipes.app */,
				1EA3AE9E2D5AAB7A00DD1E26 /* fetchRecipesTests.xctest */,
				1EA3AEA82D5AAB7A00DD1E26 /* fetchRecipesUITests.xctest */,
			);
			name = Products;
			sourceTree = "<group>";
		};
/* End PBXGroup section */

/* Begin PBXNativeTarget section */
		1EA3AE8D2D5AAB7800DD1E26 /* fetchRecipes */ = {
			isa = PBXNativeTarget;
			buildConfigurationList = 1EA3AEB22D5AAB7A00DD1E26 /* Build configuration list for PBXNativeTarget "fetchRecipes" */;
			buildPhases = (
				1EA3AE8A2D5AAB7800DD1E26 /* Sources */,
				1EA3AE8B2D5AAB7800DD1E26 /* Frameworks */,
				1EA3AE8C2D5AAB7800DD1E26 /* Resources */,
			);
			buildRules = (
			);
			dependencies = (
			);
			fileSystemSynchronizedGroups = (
				1EA3AE902D5AAB7800DD1E26 /* fetchRecipes */,
			);
			name = fetchRecipes;
			packageProductDependencies = (
			);
			productName = fetchRecipes;
			productReference = 1EA3AE8E2D5AAB7800DD1E26 /* fetchRecipes.app */;
			productType = "com.apple.product-type.application";
		};
		1EA3AE9D2D5AAB7A00DD1E26 /* fetchRecipesTests */ = {
			isa = PBXNativeTarget;
			buildConfigurationList = 1EA3AEB52D5AAB7A00DD1E26 /* Build configuration list for PBXNativeTarget "fetchRecipesTests" */;
			buildPhases = (
				1EA3AE9A2D5AAB7A00DD1E26 /* Sources */,
				1EA3AE9B2D5AAB7A00DD1E26 /* Frameworks */,
				1EA3AE9C2D5AAB7A00DD1E26 /* Resources */,
			);
			buildRules = (
			);
			dependencies = (
				1EA3AEA02D5AAB7A00DD1E26 /* PBXTargetDependency */,
			);
			fileSystemSynchronizedGroups = (
				1EA3AEA12D5AAB7A00DD1E26 /* fetchRecipesTests */,
			);
			name = fetchRecipesTests;
			packageProductDependencies = (
			);
			productName = fetchRecipesTests;
			productReference = 1EA3AE9E2D5AAB7A00DD1E26 /* fetchRecipesTests.xctest */;
			productType = "com.apple.product-type.bundle.unit-test";
		};
		1EA3AEA72D5AAB7A00DD1E26 /* fetchRecipesUITests */ = {
			isa = PBXNativeTarget;
			buildConfigurationList = 1EA3AEB82D5AAB7A00DD1E26 /* Build configuration list for PBXNativeTarget "fetchRecipesUITests" */;
			buildPhases = (
				1EA3AEA42D5AAB7A00DD1E26 /* Sources */,
				1EA3AEA52D5AAB7A00DD1E26 /* Frameworks */,
				1EA3AEA62D5AAB7A00DD1E26 /* Resources */,
			);
			buildRules = (
			);
			dependencies = (
				1EA3AEAA2D5AAB7A00DD1E26 /* PBXTargetDependency */,
			);
			fileSystemSynchronizedGroups = (
				1EA3AEAB2D5AAB7A00DD1E26 /* fetchRecipesUITests */,
			);
			name = fetchRecipesUITests;
			packageProductDependencies = (
			);
			productName = fetchRecipesUITests;
			productReference = 1EA3AEA82D5AAB7A00DD1E26 /* fetchRecipesUITests.xctest */;
			productType = "com.apple.product-type.bundle.ui-testing";
		};
/* End PBXNativeTarget section */

/* Begin PBXProject section */
		1EA3AE862D5AAB7800DD1E26 /* Project object */ = {
			isa = PBXProject;
			attributes = {
				BuildIndependentTargetsInParallel = 1;
				LastSwiftUpdateCheck = 1600;
				LastUpgradeCheck = 1600;
				TargetAttributes = {
					1EA3AE8D2D5AAB7800DD1E26 = {
						CreatedOnToolsVersion = 16.0;
					};
					1EA3AE9D2D5AAB7A00DD1E26 = {
						CreatedOnToolsVersion = 16.0;
						TestTargetID = 1EA3AE8D2D5AAB7800DD1E26;
					};
					1EA3AEA72D5AAB7A00DD1E26 = {
						CreatedOnToolsVersion = 16.0;
						TestTargetID = 1EA3AE8D2D5AAB7800DD1E26;
					};
				};
			};
			buildConfigurationList = 1EA3AE892D5AAB7800DD1E26 /* Build configuration list for PBXProject "fetchRecipes" */;
			developmentRegion = en;
			hasScannedForEncodings = 0;
			knownRegions = (
				en,
				Base,
			);
			mainGroup = 1EA3AE852D5AAB7800DD1E26;
			minimizedProjectReferenceProxies = 1;
			preferredProjectObjectVersion = 77;
			productRefGroup = 1EA3AE8F2D5AAB7800DD1E26 /* Products */;
			projectDirPath = "";
			projectRoot = "";
			targets = (
				1EA3AE8D2D5AAB7800DD1E26 /* fetchRecipes */,
				1EA3AE9D2D5AAB7A00DD1E26 /* fetchRecipesTests */,
				1EA3AEA72D5AAB7A00DD1E26 /* fetchRecipesUITests */,
			);
		};
/* End PBXProject section */

/* Begin PBXResourcesBuildPhase section */
		1EA3AE8C2D5AAB7800DD1E26 /* Resources */ = {
			isa = PBXResourcesBuildPhase;
			buildActionMask = 2147483647;
			files = (
			);
			runOnlyForDeploymentPostprocessing = 0;
		};
		1EA3AE9C2D5AAB7A00DD1E26 /* Resources */ = {
			isa = PBXResourcesBuildPhase;
			buildActionMask = 2147483647;
			files = (
			);
			runOnlyForDeploymentPostprocessing = 0;
		};
		1EA3AEA62D5AAB7A00DD1E26 /* Resources */ = {
			isa = PBXResourcesBuildPhase;
			buildActionMask = 2147483647;
			files = (
			);
			runOnlyForDeploymentPostprocessing = 0;
		};
/* End PBXResourcesBuildPhase section */

/* Begin PBXSourcesBuildPhase section */
		1EA3AE8A2D5AAB7800DD1E26 /* Sources */ = {
			isa = PBXSourcesBuildPhase;
			buildActionMask = 2147483647;
			files = (
			);
			runOnlyForDeploymentPostprocessing = 0;
		};
		1EA3AE9A2D5AAB7A00DD1E26 /* Sources */ = {
			isa = PBXSourcesBuildPhase;
			buildActionMask = 2147483647;
			files = (
			);
			runOnlyForDeploymentPostprocessing = 0;
		};
		1EA3AEA42D5AAB7A00DD1E26 /* Sources */ = {
			isa = PBXSourcesBuildPhase;
			buildActionMask = 2147483647;
			files = (
			);
			runOnlyForDeploymentPostprocessing = 0;
		};
/* End PBXSourcesBuildPhase section */

/* Begin PBXTargetDependency section */
		1EA3AEA02D5AAB7A00DD1E26 /* PBXTargetDependency */ = {
			isa = PBXTargetDependency;
			target = 1EA3AE8D2D5AAB7800DD1E26 /* fetchRecipes */;
			targetProxy = 1EA3AE9F2D5AAB7A00DD1E26 /* PBXContainerItemProxy */;
		};
		1EA3AEAA2D5AAB7A00DD1E26 /* PBXTargetDependency */ = {
			isa = PBXTargetDependency;
			target = 1EA3AE8D2D5AAB7800DD1E26 /* fetchRecipes */;
			targetProxy = 1EA3AEA92D5AAB7A00DD1E26 /* PBXContainerItemProxy */;
		};
/* End PBXTargetDependency section */

/* Begin XCBuildConfiguration section */
		1EA3AEB02D5AAB7A00DD1E26 /* Debug */ = {
			isa = XCBuildConfiguration;
			buildSettings = {
				ALWAYS_SEARCH_USER_PATHS = NO;
				ASSETCATALOG_COMPILER_GENERATE_SWIFT_ASSET_SYMBOL_EXTENSIONS = YES;
				CLANG_ANALYZER_NONNULL = YES;
				CLANG_ANALYZER_NUMBER_OBJECT_CONVERSION = YES_AGGRESSIVE;
				CLANG_CXX_LANGUAGE_STANDARD = "gnu++20";
				CLANG_ENABLE_MODULES = YES;
				CLANG_ENABLE_OBJC_ARC = YES;
				CLANG_ENABLE_OBJC_WEAK = YES;
				CLANG_WARN_BLOCK_CAPTURE_AUTORELEASING = YES;
				CLANG_WARN_BOOL_CONVERSION = YES;
				CLANG_WARN_COMMA = YES;
				CLANG_WARN_CONSTANT_CONVERSION = YES;
				CLANG_WARN_DEPRECATED_OBJC_IMPLEMENTATIONS = YES;
				CLANG_WARN_DIRECT_OBJC_ISA_USAGE = YES_ERROR;
				CLANG_WARN_DOCUMENTATION_COMMENTS = YES;
				CLANG_WARN_EMPTY_BODY = YES;
				CLANG_WARN_ENUM_CONVERSION = YES;
				CLANG_WARN_INFINITE_RECURSION = YES;
				CLANG_WARN_INT_CONVERSION = YES;
				CLANG_WARN_NON_LITERAL_NULL_CONVERSION = YES;
				CLANG_WARN_OBJC_IMPLICIT_RETAIN_SELF = YES;
				CLANG_WARN_OBJC_LITERAL_CONVERSION = YES;
				CLANG_WARN_OBJC_ROOT_CLASS = YES_ERROR;
				CLANG_WARN_QUOTED_INCLUDE_IN_FRAMEWORK_HEADER = YES;
				CLANG_WARN_RANGE_LOOP_ANALYSIS = YES;
				CLANG_WARN_STRICT_PROTOTYPES = YES;
				CLANG_WARN_SUSPICIOUS_MOVE = YES;
				CLANG_WARN_UNGUARDED_AVAILABILITY = YES_AGGRESSIVE;
				CLANG_WARN_UNREACHABLE_CODE = YES;
				CLANG_WARN__DUPLICATE_METHOD_MATCH = YES;
				COPY_PHASE_STRIP = NO;
				DEBUG_INFORMATION_FORMAT = dwarf;
				ENABLE_STRICT_OBJC_MSGSEND = YES;
				ENABLE_TESTABILITY = YES;
				ENABLE_USER_SCRIPT_SANDBOXING = YES;
				GCC_C_LANGUAGE_STANDARD = gnu17;
				GCC_DYNAMIC_NO_PIC = NO;
				GCC_NO_COMMON_BLOCKS = YES;
				GCC_OPTIMIZATION_LEVEL = 0;
				GCC_PREPROCESSOR_DEFINITIONS = (
					"DEBUG=1",
					"$(inherited)",
				);
				GCC_WARN_64_TO_32_BIT_CONVERSION = YES;
				GCC_WARN_ABOUT_RETURN_TYPE = YES_ERROR;
				GCC_WARN_UNDECLARED_SELECTOR = YES;
				GCC_WARN_UNINITIALIZED_AUTOS = YES_AGGRESSIVE;
				GCC_WARN_UNUSED_FUNCTION = YES;
				GCC_WARN_UNUSED_VARIABLE = YES;
				IPHONEOS_DEPLOYMENT_TARGET = 18.0;
				LOCALIZATION_PREFERS_STRING_CATALOGS = YES;
				MTL_ENABLE_DEBUG_INFO = INCLUDE_SOURCE;
				MTL_FAST_MATH = YES;
				ONLY_ACTIVE_ARCH = YES;
				SDKROOT = iphoneos;
				SWIFT_ACTIVE_COMPILATION_CONDITIONS = "DEBUG $(inherited)";
				SWIFT_OPTIMIZATION_LEVEL = "-Onone";
			};
			name = Debug;
		};
		1EA3AEB12D5AAB7A00DD1E26 /* Release */ = {
			isa = XCBuildConfiguration;
			buildSettings = {
				ALWAYS_SEARCH_USER_PATHS = NO;
				ASSETCATALOG_COMPILER_GENERATE_SWIFT_ASSET_SYMBOL_EXTENSIONS = YES;
				CLANG_ANALYZER_NONNULL = YES;
				CLANG_ANALYZER_NUMBER_OBJECT_CONVERSION = YES_AGGRESSIVE;
				CLANG_CXX_LANGUAGE_STANDARD = "gnu++20";
				CLANG_ENABLE_MODULES = YES;
				CLANG_ENABLE_OBJC_ARC = YES;
				CLANG_ENABLE_OBJC_WEAK = YES;
				CLANG_WARN_BLOCK_CAPTURE_AUTORELEASING = YES;
				CLANG_WARN_BOOL_CONVERSION = YES;
				CLANG_WARN_COMMA = YES;
				CLANG_WARN_CONSTANT_CONVERSION = YES;
				CLANG_WARN_DEPRECATED_OBJC_IMPLEMENTATIONS = YES;
				CLANG_WARN_DIRECT_OBJC_ISA_USAGE = YES_ERROR;
				CLANG_WARN_DOCUMENTATION_COMMENTS = YES;
				CLANG_WARN_EMPTY_BODY = YES;
				CLANG_WARN_ENUM_CONVERSION = YES;
				CLANG_WARN_INFINITE_RECURSION = YES;
				CLANG_WARN_INT_CONVERSION = YES;
				CLANG_WARN_NON_LITERAL_NULL_CONVERSION = YES;
				CLANG_WARN_OBJC_IMPLICIT_RETAIN_SELF = YES;
				CLANG_WARN_OBJC_LITERAL_CONVERSION = YES;
				CLANG_WARN_OBJC_ROOT_CLASS = YES_ERROR;
				CLANG_WARN_QUOTED_INCLUDE_IN_FRAMEWORK_HEADER = YES;
				CLANG_WARN_RANGE_LOOP_ANALYSIS = YES;
				CLANG_WARN_STRICT_PROTOTYPES = YES;
				CLANG_WARN_SUSPICIOUS_MOVE = YES;
				CLANG_WARN_UNGUARDED_AVAILABILITY = YES_AGGRESSIVE;
				CLANG_WARN_UNREACHABLE_CODE = YES;
				CLANG_WARN__DUPLICATE_METHOD_MATCH = YES;
				COPY_PHASE_STRIP = NO;
				DEBUG_INFORMATION_FORMAT = "dwarf-with-dsym";
				ENABLE_NS_ASSERTIONS = NO;
				ENABLE_STRICT_OBJC_MSGSEND = YES;
				ENABLE_USER_SCRIPT_SANDBOXING = YES;
				GCC_C_LANGUAGE_STANDARD = gnu17;
				GCC_NO_COMMON_BLOCKS = YES;
				GCC_WARN_64_TO_32_BIT_CONVERSION = YES;
				GCC_WARN_ABOUT_RETURN_TYPE = YES_ERROR;
				GCC_WARN_UNDECLARED_SELECTOR = YES;
				GCC_WARN_UNINITIALIZED_AUTOS = YES_AGGRESSIVE;
				GCC_WARN_UNUSED_FUNCTION = YES;
				GCC_WARN_UNUSED_VARIABLE = YES;
				IPHONEOS_DEPLOYMENT_TARGET = 18.0;
				LOCALIZATION_PREFERS_STRING_CATALOGS = YES;
				MTL_ENABLE_DEBUG_INFO = NO;
				MTL_FAST_MATH = YES;
				SDKROOT = iphoneos;
				SWIFT_COMPILATION_MODE = wholemodule;
				VALIDATE_PRODUCT = YES;
			};
			name = Release;
		};
		1EA3AEB32D5AAB7A00DD1E26 /* Debug */ = {
			isa = XCBuildConfiguration;
			buildSettings = {
				ASSETCATALOG_COMPILER_APPICON_NAME = AppIcon;
				ASSETCATALOG_COMPILER_GLOBAL_ACCENT_COLOR_NAME = AccentColor;
				CODE_SIGN_STYLE = Automatic;
				CURRENT_PROJECT_VERSION = 1;
				DEVELOPMENT_ASSET_PATHS = "\"fetchRecipes/Preview Content\"";
				DEVELOPMENT_TEAM = 92365KNC4G;
				ENABLE_PREVIEWS = YES;
				GENERATE_INFOPLIST_FILE = YES;
				INFOPLIST_KEY_UIApplicationSceneManifest_Generation = YES;
				INFOPLIST_KEY_UIApplicationSupportsIndirectInputEvents = YES;
				INFOPLIST_KEY_UILaunchScreen_Generation = YES;
				INFOPLIST_KEY_UISupportedInterfaceOrientations_iPad = "UIInterfaceOrientationPortrait UIInterfaceOrientationPortraitUpsideDown UIInterfaceOrientationLandscapeLeft UIInterfaceOrientationLandscapeRight";
				INFOPLIST_KEY_UISupportedInterfaceOrientations_iPhone = "UIInterfaceOrientationPortrait UIInterfaceOrientationLandscapeLeft UIInterfaceOrientationLandscapeRight";
				LD_RUNPATH_SEARCH_PATHS = (
					"$(inherited)",
					"@executable_path/Frameworks",
				);
				MARKETING_VERSION = 1.0;
				PRODUCT_BUNDLE_IDENTIFIER = my.Sample.com.fetchRecipes;
				PRODUCT_NAME = "$(TARGET_NAME)";
				SWIFT_EMIT_LOC_STRINGS = YES;
				SWIFT_VERSION = 5.0;
				TARGETED_DEVICE_FAMILY = "1,2";
			};
			name = Debug;
		};
		1EA3AEB42D5AAB7A00DD1E26 /* Release */ = {
			isa = XCBuildConfiguration;
			buildSettings = {
				ASSETCATALOG_COMPILER_APPICON_NAME = AppIcon;
				ASSETCATALOG_COMPILER_GLOBAL_ACCENT_COLOR_NAME = AccentColor;
				CODE_SIGN_STYLE = Automatic;
				CURRENT_PROJECT_VERSION = 1;
				DEVELOPMENT_ASSET_PATHS = "\"fetchRecipes/Preview Content\"";
				DEVELOPMENT_TEAM = 92365KNC4G;
				ENABLE_PREVIEWS = YES;
				GENERATE_INFOPLIST_FILE = YES;
				INFOPLIST_KEY_UIApplicationSceneManifest_Generation = YES;
				INFOPLIST_KEY_UIApplicationSupportsIndirectInputEvents = YES;
				INFOPLIST_KEY_UILaunchScreen_Generation = YES;
				INFOPLIST_KEY_UISupportedInterfaceOrientations_iPad = "UIInterfaceOrientationPortrait UIInterfaceOrientationPortraitUpsideDown UIInterfaceOrientationLandscapeLeft UIInterfaceOrientationLandscapeRight";
				INFOPLIST_KEY_UISupportedInterfaceOrientations_iPhone = "UIInterfaceOrientationPortrait UIInterfaceOrientationLandscapeLeft UIInterfaceOrientationLandscapeRight";
				LD_RUNPATH_SEARCH_PATHS = (
					"$(inherited)",
					"@executable_path/Frameworks",
				);
				MARKETING_VERSION = 1.0;
				PRODUCT_BUNDLE_IDENTIFIER = my.Sample.com.fetchRecipes;
				PRODUCT_NAME = "$(TARGET_NAME)";
				SWIFT_EMIT_LOC_STRINGS = YES;
				SWIFT_VERSION = 5.0;
				TARGETED_DEVICE_FAMILY = "1,2";
			};
			name = Release;
		};
		1EA3AEB62D5AAB7A00DD1E26 /* Debug */ = {
			isa = XCBuildConfiguration;
			buildSettings = {
				BUNDLE_LOADER = "$(TEST_HOST)";
				CODE_SIGN_STYLE = Automatic;
				CURRENT_PROJECT_VERSION = 1;
				DEVELOPMENT_TEAM = 92365KNC4G;
				GENERATE_INFOPLIST_FILE = YES;
				IPHONEOS_DEPLOYMENT_TARGET = 18.0;
				MARKETING_VERSION = 1.0;
				PRODUCT_BUNDLE_IDENTIFIER = my.Sample.com.fetchRecipesTests;
				PRODUCT_NAME = "$(TARGET_NAME)";
				SWIFT_EMIT_LOC_STRINGS = NO;
				SWIFT_VERSION = 5.0;
				TARGETED_DEVICE_FAMILY = "1,2";
				TEST_HOST = "$(BUILT_PRODUCTS_DIR)/fetchRecipes.app/$(BUNDLE_EXECUTABLE_FOLDER_PATH)/fetchRecipes";
			};
			name = Debug;
		};
		1EA3AEB72D5AAB7A00DD1E26 /* Release */ = {
			isa = XCBuildConfiguration;
			buildSettings = {
				BUNDLE_LOADER = "$(TEST_HOST)";
				CODE_SIGN_STYLE = Automatic;
				CURRENT_PROJECT_VERSION = 1;
				DEVELOPMENT_TEAM = 92365KNC4G;
				GENERATE_INFOPLIST_FILE = YES;
				IPHONEOS_DEPLOYMENT_TARGET = 18.0;
				MARKETING_VERSION = 1.0;
				PRODUCT_BUNDLE_IDENTIFIER = my.Sample.com.fetchRecipesTests;
				PRODUCT_NAME = "$(TARGET_NAME)";
				SWIFT_EMIT_LOC_STRINGS = NO;
				SWIFT_VERSION = 5.0;
				TARGETED_DEVICE_FAMILY = "1,2";
				TEST_HOST = "$(BUILT_PRODUCTS_DIR)/fetchRecipes.app/$(BUNDLE_EXECUTABLE_FOLDER_PATH)/fetchRecipes";
			};
			name = Release;
		};
		1EA3AEB92D5AAB7A00DD1E26 /* Debug */ = {
			isa = XCBuildConfiguration;
			buildSettings = {
				CODE_SIGN_STYLE = Automatic;
				CURRENT_PROJECT_VERSION = 1;
				DEVELOPMENT_TEAM = 92365KNC4G;
				GENERATE_INFOPLIST_FILE = YES;
				MARKETING_VERSION = 1.0;
				PRODUCT_BUNDLE_IDENTIFIER = my.Sample.com.fetchRecipesUITests;
				PRODUCT_NAME = "$(TARGET_NAME)";
				SWIFT_EMIT_LOC_STRINGS = NO;
				SWIFT_VERSION = 5.0;
				TARGETED_DEVICE_FAMILY = "1,2";
				TEST_TARGET_NAME = fetchRecipes;
			};
			name = Debug;
		};
		1EA3AEBA2D5AAB7A00DD1E26 /* Release */ = {
			isa = XCBuildConfiguration;
			buildSettings = {
				CODE_SIGN_STYLE = Automatic;
				CURRENT_PROJECT_VERSION = 1;
				DEVELOPMENT_TEAM = 92365KNC4G;
				GENERATE_INFOPLIST_FILE = YES;
				MARKETING_VERSION = 1.0;
				PRODUCT_BUNDLE_IDENTIFIER = my.Sample.com.fetchRecipesUITests;
				PRODUCT_NAME = "$(TARGET_NAME)";
				SWIFT_EMIT_LOC_STRINGS = NO;
				SWIFT_VERSION = 5.0;
				TARGETED_DEVICE_FAMILY = "1,2";
				TEST_TARGET_NAME = fetchRecipes;
			};
			name = Release;
		};
/* End XCBuildConfiguration section */

/* Begin XCConfigurationList section */
		1EA3AE892D5AAB7800DD1E26 /* Build configuration list for PBXProject "fetchRecipes" */ = {
			isa = XCConfigurationList;
			buildConfigurations = (
				1EA3AEB02D5AAB7A00DD1E26 /* Debug */,
				1EA3AEB12D5AAB7A00DD1E26 /* Release */,
			);
			defaultConfigurationIsVisible = 0;
			defaultConfigurationName = Release;
		};
		1EA3AEB22D5AAB7A00DD1E26 /* Build configuration list for PBXNativeTarget "fetchRecipes" */ = {
			isa = XCConfigurationList;
			buildConfigurations = (
				1EA3AEB32D5AAB7A00DD1E26 /* Debug */,
				1EA3AEB42D5AAB7A00DD1E26 /* Release */,
			);
			defaultConfigurationIsVisible = 0;
			defaultConfigurationName = Release;
		};
		1EA3AEB52D5AAB7A00DD1E26 /* Build configuration list for PBXNativeTarget "fetchRecipesTests" */ = {
			isa = XCConfigurationList;
			buildConfigurations = (
				1EA3AEB62D5AAB7A00DD1E26 /* Debug */,
				1EA3AEB72D5AAB7A00DD1E26 /* Release */,
			);
			defaultConfigurationIsVisible = 0;
			defaultConfigurationName = Release;
		};
		1EA3AEB82D5AAB7A00DD1E26 /* Build configuration list for PBXNativeTarget "fetchRecipesUITests" */ = {
			isa = XCConfigurationList;
			buildConfigurations = (
				1EA3AEB92D5AAB7A00DD1E26 /* Debug */,
				1EA3AEBA2D5AAB7A00DD1E26 /* Release */,
			);
			defaultConfigurationIsVisible = 0;
			defaultConfigurationName = Release;
		};
/* End XCConfigurationList section */
	};
	rootObject = 1EA3AE862D5AAB7800DD1E26 /* Project object */;
}
